{
  "name": "functional_algorithms",
  "version": "1.0.0",
  "lockfileVersion": 2,
  "requires": true,
  "packages": {
    "": {
      "version": "1.0.0",
      "license": "ISC",
      "dependencies": {
        "fxjs": "^0.21.2"
      }
    },
    "node_modules/@babel/runtime-corejs3": {
      "version": "7.13.10",
      "resolved": "https://registry.npmjs.org/@babel/runtime-corejs3/-/runtime-corejs3-7.13.10.tgz",
      "integrity": "sha512-x/XYVQ1h684pp1mJwOV4CyvqZXqbc8CMsMGUnAbuc82ZCdv1U63w5RSUzgDSXQHG5Rps/kiksH6g2D5BuaKyXg==",
      "dependencies": {
        "core-js-pure": "^3.0.0",
        "regenerator-runtime": "^0.13.4"
      }
    },
    "node_modules/core-js-pure": {
      "version": "3.10.0",
      "resolved": "https://registry.npmjs.org/core-js-pure/-/core-js-pure-3.10.0.tgz",
      "integrity": "sha512-CC582enhrFZStO4F8lGI7QL3SYx7/AIRc+IdSi3btrQGrVsTawo5K/crmKbRrQ+MOMhNX4v+PATn0k2NN6wI7A==",
      "hasInstallScript": true,
      "funding": {
        "type": "opencollective",
        "url": "https://opencollective.com/core-js"
      }
    },
    "node_modules/fxjs": {
      "version": "0.21.2",
      "resolved": "https://registry.npmjs.org/fxjs/-/fxjs-0.21.2.tgz",
      "integrity": "sha512-z2xKidvz1boRjB5HEGI8AEW4/HyWYUMSio+Xj6zcC1ehpkuTuCk+TIL5mvkMR1TmR8gAVjiAnNr6xWaIYs/IaQ==",
      "dependencies": {
        "@babel/runtime-corejs3": "^7.13.7"
      }
    },
    "node_modules/regenerator-runtime": {
      "version": "0.13.7",
      "resolved": "https://registry.npmjs.org/regenerator-runtime/-/regenerator-runtime-0.13.7.tgz",
      "integrity": "sha512-a54FxoJDIr27pgf7IgeQGxmqUNYrcV338lf/6gH456HZ/PhX+5BcwHXG9ajESmwe6WRO0tAzRUrRmNONWgkrew=="
    }
  },
  "dependencies": {
    "@babel/runtime-corejs3": {
      "version": "7.13.10",
      "resolved": "https://registry.npmjs.org/@babel/runtime-corejs3/-/runtime-corejs3-7.13.10.tgz",
      "integrity": "sha512-x/XYVQ1h684pp1mJwOV4CyvqZXqbc8CMsMGUnAbuc82ZCdv1U63w5RSUzgDSXQHG5Rps/kiksH6g2D5BuaKyXg==",
      "requires": {
        "core-js-pure": "^3.0.0",
        "regenerator-runtime": "^0.13.4"
      }
    },
    "core-js-pure": {
      "version": "3.10.0",
      "resolved": "https://registry.npmjs.org/core-js-pure/-/core-js-pure-3.10.0.tgz",
      "integrity": "sha512-CC582enhrFZStO4F8lGI7QL3SYx7/AIRc+IdSi3btrQGrVsTawo5K/crmKbRrQ+MOMhNX4v+PATn0k2NN6wI7A=="
    },
    "fxjs": {
      "version": "0.21.2",
      "resolved": "https://registry.npmjs.org/fxjs/-/fxjs-0.21.2.tgz",
      "integrity": "sha512-z2xKidvz1boRjB5HEGI8AEW4/HyWYUMSio+Xj6zcC1ehpkuTuCk+TIL5mvkMR1TmR8gAVjiAnNr6xWaIYs/IaQ==",
      "requires": {
        "@babel/runtime-corejs3": "^7.13.7"
      }
    },
    "regenerator-runtime": {
      "version": "0.13.7",
      "resolved": "https://registry.npmjs.org/regenerator-runtime/-/regenerator-runtime-0.13.7.tgz",
      "integrity": "sha512-a54FxoJDIr27pgf7IgeQGxmqUNYrcV338lf/6gH456HZ/PhX+5BcwHXG9ajESmwe6WRO0tAzRUrRmNONWgkrew=="
    }
  }
}
